
Microsoft Visual Studio Solution File, Format Version 12.00
# Visual Studio 14
VisualStudioVersion = 14.0.25420.1
MinimumVisualStudioVersion = 10.0.40219.1
Project("{2150E333-8FDC-42A3-9474-1A3956D46DE8}") = "src", "src", "{65ED899D-7BF8-4EB2-8D3A-792166D48804}"
EndProject
Project("{2150E333-8FDC-42A3-9474-1A3956D46DE8}") = "Solution Items", "Solution Items", "{D15B80C4-CAD8-4E68-9C1E-D391DD0AC99A}"
	ProjectSection(SolutionItems) = preProject
		global.json = global.json
	EndProjectSection
EndProject
Project("{8BB2217D-0F2D-49D1-97BC-3654ED321F3B}") = "ContosoUniversity", "src\ContosoUniversity\ContosoUniversity.xproj", "{1826CA2D-C548-4F33-A2BC-C8CD2B662CF5}"
EndProject
Global
	GlobalSection(SolutionConfigurationPlatforms) = preSolution
		Debug|Any CPU = Debug|Any CPU
		Release|Any CPU = Release|Any CPU
	EndGlobalSection
	GlobalSection(ProjectConfigurationPlatforms) = postSolution
		{1826CA2D-C548-4F33-A2BC-C8CD2B662CF5}.Debug|Any CPU.ActiveCfg = Debug|Any CPU
		{1826CA2D-C548-4F33-A2BC-C8CD2B662CF5}.Debug|Any CPU.Build.0 = Debug|Any CPU
		{1826CA2D-C548-4F33-A2BC-C8CD2B662CF5}.Release|Any CPU.ActiveCfg = Release|Any CPU
		{1826CA2D-C548-4F33-A2BC-C8CD2B662CF5}.Release|Any CPU.Build.0 = Release|Any CPU
	EndGlobalSection
	GlobalSection(SolutionProperties) = preSolution
		HideSolutionNode = FALSE
	EndGlobalSection
	GlobalSection(NestedProjects) = preSolution
		{1826CA2D-C548-4F33-A2BC-C8CD2B662CF5} = {65ED899D-7BF8-4EB2-8D3A-792166D48804}
	EndGlobalSection
EndGlobal
